# This file is automatically @generated by Cargo.
# It is not intended for manual editing.
version = 4

[[package]]
name = "kernel"
version = "0.2.3-dev"
source = "git+https://github.com/omniglot-rs/tock?rev=14800536febc633ef4202b656adc9c29e3ea882e#14800536febc633ef4202b656adc9c29e3ea882e"
dependencies = [
 "tock-cells",
 "tock-registers",
 "tock-tbf",
]

[[package]]
name = "omniglot"
version = "0.1.0"
source = "git+https://github.com/omniglot-rs/omniglot?rev=82f17de8cc588643ccd28d42dd0e2cccaba6d6b6#82f17de8cc588643ccd28d42dd0e2cccaba6d6b6"
dependencies = [
 "seq-macro",
]

[[package]]
name = "omniglot-tock"
version = "0.1.0"
dependencies = [
 "kernel",
 "omniglot",
 "rv32i",
 "tock-tbf",
]

[[package]]
name = "riscv"
version = "0.2.3-dev"
source = "git+https://github.com/omniglot-rs/tock?rev=14800536febc633ef4202b656adc9c29e3ea882e#14800536febc633ef4202b656adc9c29e3ea882e"
dependencies = [
 "kernel",
 "riscv-csr",
 "tock-registers",
]

[[package]]
name = "riscv-csr"
version = "0.1.0"
source = "git+https://github.com/omniglot-rs/tock?rev=14800536febc633ef4202b656adc9c29e3ea882e#14800536febc633ef4202b656adc9c29e3ea882e"
dependencies = [
 "tock-registers",
]

[[package]]
name = "rv32i"
version = "0.2.3-dev"
source = "git+https://github.com/omniglot-rs/tock?rev=14800536febc633ef4202b656adc9c29e3ea882e#14800536febc633ef4202b656adc9c29e3ea882e"
dependencies = [
 "kernel",
 "riscv",
 "riscv-csr",
 "tock-registers",
]

[[package]]
name = "seq-macro"
version = "0.3.6"
source = "registry+https://github.com/rust-lang/crates.io-index"
checksum = "1bc711410fbe7399f390ca1c3b60ad0f53f80e95c5eb935e52268a0e2cd49acc"

[[package]]
name = "tock-cells"
version = "0.1.0"
source = "git+https://github.com/omniglot-rs/tock?rev=14800536febc633ef4202b656adc9c29e3ea882e#14800536febc633ef4202b656adc9c29e3ea882e"

[[package]]
name = "tock-registers"
version = "0.9.0"
source = "git+https://github.com/omniglot-rs/tock?rev=14800536febc633ef4202b656adc9c29e3ea882e#14800536febc633ef4202b656adc9c29e3ea882e"

[[package]]
name = "tock-tbf"
version = "0.1.0"
source = "git+https://github.com/omniglot-rs/tock?rev=14800536febc633ef4202b656adc9c29e3ea882e#14800536febc633ef4202b656adc9c29e3ea882e"
